
Microsoft Visual Studio Solution File, Format Version 12.00
# Visual Studio Version 16
VisualStudioVersion = 16.0.29905.134
MinimumVisualStudioVersion = 10.0.40219.1
Project("{FAE04EC0-301F-11D3-BF4B-00C04F79EFBC}") = "CmdWindow", "CmdWindow\CmdWindow.csproj", "{BC12A502-1C74-4E75-9860-94E3F1607B4F}"
EndProject
Project("{FAE04EC0-301F-11D3-BF4B-00C04F79EFBC}") = "CommandWindowControlTestApp", "CommandWindowControlTestApp\CommandWindowControlTestApp.csproj", "{63B38E60-1021-42F3-BDF2-6B7116FFCB2A}"
EndProject
Project("{FAE04EC0-301F-11D3-BF4B-00C04F79EFBC}") = "ProcessReadWriteUtils", "ProcessReadWriteUtils\ProcessReadWriteUtils.csproj", "{C8A27479-DBED-49C5-B602-8DE974A9B5DA}"
EndProject
Global
	GlobalSection(SolutionConfigurationPlatforms) = preSolution
		Debug|Any CPU = Debug|Any CPU
		Debug|x64 = Debug|x64
		Release|Any CPU = Release|Any CPU
		Release|x64 = Release|x64
	EndGlobalSection
	GlobalSection(ProjectConfigurationPlatforms) = postSolution
		{BC12A502-1C74-4E75-9860-94E3F1607B4F}.Debug|Any CPU.ActiveCfg = Debug|Any CPU
		{BC12A502-1C74-4E75-9860-94E3F1607B4F}.Debug|Any CPU.Build.0 = Debug|Any CPU
		{BC12A502-1C74-4E75-9860-94E3F1607B4F}.Debug|x64.ActiveCfg = Debug|x64
		{BC12A502-1C74-4E75-9860-94E3F1607B4F}.Debug|x64.Build.0 = Debug|x64
		{BC12A502-1C74-4E75-9860-94E3F1607B4F}.Release|Any CPU.ActiveCfg = Release|Any CPU
		{BC12A502-1C74-4E75-9860-94E3F1607B4F}.Release|Any CPU.Build.0 = Release|Any CPU
		{BC12A502-1C74-4E75-9860-94E3F1607B4F}.Release|x64.ActiveCfg = Release|x64
		{BC12A502-1C74-4E75-9860-94E3F1607B4F}.Release|x64.Build.0 = Release|x64
		{63B38E60-1021-42F3-BDF2-6B7116FFCB2A}.Debug|Any CPU.ActiveCfg = Debug|Any CPU
		{63B38E60-1021-42F3-BDF2-6B7116FFCB2A}.Debug|Any CPU.Build.0 = Debug|Any CPU
		{63B38E60-1021-42F3-BDF2-6B7116FFCB2A}.Debug|x64.ActiveCfg = Debug|x64
		{63B38E60-1021-42F3-BDF2-6B7116FFCB2A}.Debug|x64.Build.0 = Debug|x64
		{63B38E60-1021-42F3-BDF2-6B7116FFCB2A}.Release|Any CPU.ActiveCfg = Release|Any CPU
		{63B38E60-1021-42F3-BDF2-6B7116FFCB2A}.Release|Any CPU.Build.0 = Release|Any CPU
		{63B38E60-1021-42F3-BDF2-6B7116FFCB2A}.Release|x64.ActiveCfg = Release|x64
		{63B38E60-1021-42F3-BDF2-6B7116FFCB2A}.Release|x64.Build.0 = Release|x64
		{C8A27479-DBED-49C5-B602-8DE974A9B5DA}.Debug|Any CPU.ActiveCfg = Debug|Any CPU
		{C8A27479-DBED-49C5-B602-8DE974A9B5DA}.Debug|Any CPU.Build.0 = Debug|Any CPU
		{C8A27479-DBED-49C5-B602-8DE974A9B5DA}.Debug|x64.ActiveCfg = Debug|x64
		{C8A27479-DBED-49C5-B602-8DE974A9B5DA}.Debug|x64.Build.0 = Debug|x64
		{C8A27479-DBED-49C5-B602-8DE974A9B5DA}.Release|Any CPU.ActiveCfg = Release|Any CPU
		{C8A27479-DBED-49C5-B602-8DE974A9B5DA}.Release|Any CPU.Build.0 = Release|Any CPU
		{C8A27479-DBED-49C5-B602-8DE974A9B5DA}.Release|x64.ActiveCfg = Release|x64
		{C8A27479-DBED-49C5-B602-8DE974A9B5DA}.Release|x64.Build.0 = Release|x64
	EndGlobalSection
	GlobalSection(SolutionProperties) = preSolution
		HideSolutionNode = FALSE
	EndGlobalSection
	GlobalSection(ExtensibilityGlobals) = postSolution
		SolutionGuid = {1FA4E8B4-7E44-496B-A4C3-C2433FB0C879}
	EndGlobalSection
EndGlobal
